
Microsoft Visual Studio Solution File, Format Version 12.00
# Visual Studio 15
VisualStudioVersion = 15.0.27703.2047
MinimumVisualStudioVersion = 10.0.40219.1
Project("{8BC9CEB8-8B4A-11D0-8D11-00A0C91BC942}") = "PP04.BasicDrawing", "PP04.BasicDrawing\PP04.BasicDrawing.vcxproj", "{63581E8C-186A-46DE-83C9-12ECD1878858}"
EndProject
Project("{8BC9CEB8-8B4A-11D0-8D11-00A0C91BC942}") = "PP05.AnimatingSprite", "PP05.AnimatingSprite\PP05.AnimatingSprite.vcxproj", "{6688700A-624D-4D08-BC4A-C3C22609E679}"
EndProject
Project("{8BC9CEB8-8B4A-11D0-8D11-00A0C91BC942}") = "PP06.ImageSprite", "PP06.ImageSprite\PP06.ImageSprite.vcxproj", "{1EF8BCE8-B665-429F-BEA0-6C777AD9EECD}"
EndProject
Project("{8BC9CEB8-8B4A-11D0-8D11-00A0C91BC942}") = "PP11.AbstractClass", "PP11.AbstractClass\PP11.AbstractClass.vcxproj", "{68517194-65B9-4F70-8FFF-63EE6D45847A}"
EndProject
Project("{8BC9CEB8-8B4A-11D0-8D11-00A0C91BC942}") = "PP13.KinputHandler", "PP13.KinputHandler\PP13.KinputHandler.vcxproj", "{22E4DF3B-229A-4026-8442-542F91C51D93}"
EndProject
Project("{8BC9CEB8-8B4A-11D0-8D11-00A0C91BC942}") = "PP12.Vector2D", "PP12.Vector2D\PP12.Vector2D.vcxproj", "{3FA0E6DC-2869-41CD-87CA-C56AC13056EF}"
EndProject
Project("{8BC9CEB8-8B4A-11D0-8D11-00A0C91BC942}") = "PP14.MInputHandler", "PP14.MInputHandler\PP14.MInputHandler.vcxproj", "{9054B99E-B474-4AED-95BA-450F509BA8F0}"
EndProject
Global
	GlobalSection(SolutionConfigurationPlatforms) = preSolution
		Debug|x64 = Debug|x64
		Debug|x86 = Debug|x86
		Release|x64 = Release|x64
		Release|x86 = Release|x86
	EndGlobalSection
	GlobalSection(ProjectConfigurationPlatforms) = postSolution
		{63581E8C-186A-46DE-83C9-12ECD1878858}.Debug|x64.ActiveCfg = Debug|x64
		{63581E8C-186A-46DE-83C9-12ECD1878858}.Debug|x64.Build.0 = Debug|x64
		{63581E8C-186A-46DE-83C9-12ECD1878858}.Debug|x86.ActiveCfg = Debug|Win32
		{63581E8C-186A-46DE-83C9-12ECD1878858}.Debug|x86.Build.0 = Debug|Win32
		{63581E8C-186A-46DE-83C9-12ECD1878858}.Release|x64.ActiveCfg = Release|x64
		{63581E8C-186A-46DE-83C9-12ECD1878858}.Release|x64.Build.0 = Release|x64
		{63581E8C-186A-46DE-83C9-12ECD1878858}.Release|x86.ActiveCfg = Release|Win32
		{63581E8C-186A-46DE-83C9-12ECD1878858}.Release|x86.Build.0 = Release|Win32
		{6688700A-624D-4D08-BC4A-C3C22609E679}.Debug|x64.ActiveCfg = Debug|x64
		{6688700A-624D-4D08-BC4A-C3C22609E679}.Debug|x64.Build.0 = Debug|x64
		{6688700A-624D-4D08-BC4A-C3C22609E679}.Debug|x86.ActiveCfg = Debug|Win32
		{6688700A-624D-4D08-BC4A-C3C22609E679}.Debug|x86.Build.0 = Debug|Win32
		{6688700A-624D-4D08-BC4A-C3C22609E679}.Release|x64.ActiveCfg = Release|x64
		{6688700A-624D-4D08-BC4A-C3C22609E679}.Release|x64.Build.0 = Release|x64
		{6688700A-624D-4D08-BC4A-C3C22609E679}.Release|x86.ActiveCfg = Release|Win32
		{6688700A-624D-4D08-BC4A-C3C22609E679}.Release|x86.Build.0 = Release|Win32
		{1EF8BCE8-B665-429F-BEA0-6C777AD9EECD}.Debug|x64.ActiveCfg = Debug|x64
		{1EF8BCE8-B665-429F-BEA0-6C777AD9EECD}.Debug|x64.Build.0 = Debug|x64
		{1EF8BCE8-B665-429F-BEA0-6C777AD9EECD}.Debug|x86.ActiveCfg = Debug|Win32
		{1EF8BCE8-B665-429F-BEA0-6C777AD9EECD}.Debug|x86.Build.0 = Debug|Win32
		{1EF8BCE8-B665-429F-BEA0-6C777AD9EECD}.Release|x64.ActiveCfg = Release|x64
		{1EF8BCE8-B665-429F-BEA0-6C777AD9EECD}.Release|x64.Build.0 = Release|x64
		{1EF8BCE8-B665-429F-BEA0-6C777AD9EECD}.Release|x86.ActiveCfg = Release|Win32
		{1EF8BCE8-B665-429F-BEA0-6C777AD9EECD}.Release|x86.Build.0 = Release|Win32
		{68517194-65B9-4F70-8FFF-63EE6D45847A}.Debug|x64.ActiveCfg = Debug|x64
		{68517194-65B9-4F70-8FFF-63EE6D45847A}.Debug|x64.Build.0 = Debug|x64
		{68517194-65B9-4F70-8FFF-63EE6D45847A}.Debug|x86.ActiveCfg = Debug|Win32
		{68517194-65B9-4F70-8FFF-63EE6D45847A}.Debug|x86.Build.0 = Debug|Win32
		{68517194-65B9-4F70-8FFF-63EE6D45847A}.Release|x64.ActiveCfg = Release|x64
		{68517194-65B9-4F70-8FFF-63EE6D45847A}.Release|x64.Build.0 = Release|x64
		{68517194-65B9-4F70-8FFF-63EE6D45847A}.Release|x86.ActiveCfg = Release|Win32
		{68517194-65B9-4F70-8FFF-63EE6D45847A}.Release|x86.Build.0 = Release|Win32
		{22E4DF3B-229A-4026-8442-542F91C51D93}.Debug|x64.ActiveCfg = Debug|x64
		{22E4DF3B-229A-4026-8442-542F91C51D93}.Debug|x64.Build.0 = Debug|x64
		{22E4DF3B-229A-4026-8442-542F91C51D93}.Debug|x86.ActiveCfg = Debug|Win32
		{22E4DF3B-229A-4026-8442-542F91C51D93}.Debug|x86.Build.0 = Debug|Win32
		{22E4DF3B-229A-4026-8442-542F91C51D93}.Release|x64.ActiveCfg = Release|x64
		{22E4DF3B-229A-4026-8442-542F91C51D93}.Release|x64.Build.0 = Release|x64
		{22E4DF3B-229A-4026-8442-542F91C51D93}.Release|x86.ActiveCfg = Release|Win32
		{22E4DF3B-229A-4026-8442-542F91C51D93}.Release|x86.Build.0 = Release|Win32
		{3FA0E6DC-2869-41CD-87CA-C56AC13056EF}.Debug|x64.ActiveCfg = Debug|x64
		{3FA0E6DC-2869-41CD-87CA-C56AC13056EF}.Debug|x64.Build.0 = Debug|x64
		{3FA0E6DC-2869-41CD-87CA-C56AC13056EF}.Debug|x86.ActiveCfg = Debug|Win32
		{3FA0E6DC-2869-41CD-87CA-C56AC13056EF}.Debug|x86.Build.0 = Debug|Win32
		{3FA0E6DC-2869-41CD-87CA-C56AC13056EF}.Release|x64.ActiveCfg = Release|x64
		{3FA0E6DC-2869-41CD-87CA-C56AC13056EF}.Release|x64.Build.0 = Release|x64
		{3FA0E6DC-2869-41CD-87CA-C56AC13056EF}.Release|x86.ActiveCfg = Release|Win32
		{3FA0E6DC-2869-41CD-87CA-C56AC13056EF}.Release|x86.Build.0 = Release|Win32
		{9054B99E-B474-4AED-95BA-450F509BA8F0}.Debug|x64.ActiveCfg = Debug|x64
		{9054B99E-B474-4AED-95BA-450F509BA8F0}.Debug|x64.Build.0 = Debug|x64
		{9054B99E-B474-4AED-95BA-450F509BA8F0}.Debug|x86.ActiveCfg = Debug|Win32
		{9054B99E-B474-4AED-95BA-450F509BA8F0}.Debug|x86.Build.0 = Debug|Win32
		{9054B99E-B474-4AED-95BA-450F509BA8F0}.Release|x64.ActiveCfg = Release|x64
		{9054B99E-B474-4AED-95BA-450F509BA8F0}.Release|x64.Build.0 = Release|x64
		{9054B99E-B474-4AED-95BA-450F509BA8F0}.Release|x86.ActiveCfg = Release|Win32
		{9054B99E-B474-4AED-95BA-450F509BA8F0}.Release|x86.Build.0 = Release|Win32
	EndGlobalSection
	GlobalSection(SolutionProperties) = preSolution
		HideSolutionNode = FALSE
	EndGlobalSection
	GlobalSection(ExtensibilityGlobals) = postSolution
		SolutionGuid = {F823DD42-886D-4B68-80E7-B13F2FEE45A7}
	EndGlobalSection
EndGlobal
